
Microsoft Visual Studio Solution File, Format Version 12.00
# Visual Studio Version 17
VisualStudioVersion = 17.7.34221.43
MinimumVisualStudioVersion = 10.0.40219.1
Project("{FAE04EC0-301F-11D3-BF4B-00C04F79EFBC}") = "invoice form", "invoice form\invoice form.csproj", "{3785836C-0579-457A-B5B6-08FDC9804678}"
EndProject
Global
	GlobalSection(SolutionConfigurationPlatforms) = preSolution
		Debug|Any CPU = Debug|Any CPU
		Release|Any CPU = Release|Any CPU
	EndGlobalSection
	GlobalSection(ProjectConfigurationPlatforms) = postSolution
		{3785836C-0579-457A-B5B6-08FDC9804678}.Debug|Any CPU.ActiveCfg = Debug|Any CPU
		{3785836C-0579-457A-B5B6-08FDC9804678}.Debug|Any CPU.Build.0 = Debug|Any CPU
		{3785836C-0579-457A-B5B6-08FDC9804678}.Release|Any CPU.ActiveCfg = Release|Any CPU
		{3785836C-0579-457A-B5B6-08FDC9804678}.Release|Any CPU.Build.0 = Release|Any CPU
	EndGlobalSection
	GlobalSection(SolutionProperties) = preSolution
		HideSolutionNode = FALSE
	EndGlobalSection
	GlobalSection(ExtensibilityGlobals) = postSolution
		SolutionGuid = {A6E43F50-1B87-4520-8518-FF25D6471980}
	EndGlobalSection
EndGlobal
